
Microsoft Visual Studio Solution File, Format Version 12.00
# Visual Studio Version 17
VisualStudioVersion = 17.14.36623.8
MinimumVisualStudioVersion = 10.0.40219.1
Project("{2150E333-8FDC-42A3-9474-1A3956D46DE8}") = "Task0", "Task0", "{02EA681E-C7D8-13C7-8484-4AC65E1B71E8}"
EndProject
Project("{FAE04EC0-301F-11D3-BF4B-00C04F79EFBC}") = "Tyuiu.IvanovSV.Sprint6.Task0.V14.Test", "Tyuiu.IvanovSV.Sprint6.Task0.V14.Test\Tyuiu.IvanovSV.Sprint6.Task0.V14.Test.csproj", "{0AD69FEC-1CED-4188-A82F-B7DB6CFDD2D1}"
EndProject
Project("{FAE04EC0-301F-11D3-BF4B-00C04F79EFBC}") = "Tyuiu.IvanovSV.Sprint6.Task0.V14.Lib", "Tyuiu.IvanovSV.Sprint6.Task0.V14.Lib\Tyuiu.IvanovSV.Sprint6.Task0.V14.Lib.csproj", "{3DAC1496-38C0-43E4-AB39-4153EEBAC4E1}"
EndProject
Project("{FAE04EC0-301F-11D3-BF4B-00C04F79EFBC}") = "Tyuiu.IvanovSV.Sprint6.Task0.V14", "Tyuiu.IvanovSV.Sprint6.Task0.V14\Tyuiu.IvanovSV.Sprint6.Task0.V14.csproj", "{B75EF117-6CE3-4753-9940-244845415609}"
EndProject
Project("{2150E333-8FDC-42A3-9474-1A3956D46DE8}") = "Task1", "Task1", "{DD30B390-EEA4-4C98-87C9-51FEF8141A81}"
EndProject
Project("{FAE04EC0-301F-11D3-BF4B-00C04F79EFBC}") = "Tyuiu.IvanovSV.Sprint6.Task1.V28.Lib", "Tyuiu.IvanovSV.Sprint6.Task1.V28.Lib\Tyuiu.IvanovSV.Sprint6.Task1.V28.Lib.csproj", "{51801211-4ABE-42E3-943E-56DF491F7657}"
EndProject
Project("{FAE04EC0-301F-11D3-BF4B-00C04F79EFBC}") = "Tyuiu.IvanovSV.Sprint6.Task1.V28.Test", "Tyuiu.IvanovSV.Sprint6.Task1.V28.Test\Tyuiu.IvanovSV.Sprint6.Task1.V28.Test.csproj", "{AC8D4C36-6008-4B82-8BF4-CD314F20D73B}"
EndProject
Project("{FAE04EC0-301F-11D3-BF4B-00C04F79EFBC}") = "Tyuiu.IvanovSV.Sprint6.Task1.V28", "Tyuiu.IvanovSV.Sprint6.Task1.V28\Tyuiu.IvanovSV.Sprint6.Task1.V28.csproj", "{9D2A6C9F-E99B-45BA-A4BB-231AA5C55FB5}"
EndProject
Project("{2150E333-8FDC-42A3-9474-1A3956D46DE8}") = "Task2", "Task2", "{DC97ADD0-6F54-41D2-9B4D-4768105EF55A}"
EndProject
Project("{FAE04EC0-301F-11D3-BF4B-00C04F79EFBC}") = "Tyuiu.IvanovSV.Sprint6.Task2.V26", "Tyuiu.IvanovSV.Sprint6.Task2.V26\Tyuiu.IvanovSV.Sprint6.Task2.V26.csproj", "{EFB643FC-5C0B-451B-8985-AE054DA5AE38}"
EndProject
Project("{FAE04EC0-301F-11D3-BF4B-00C04F79EFBC}") = "Tyuiu.IvanovSV.Sprint6.Task2.V26.Lib", "Tyuiu.IvanovSV.Sprint6.Task2.V26.Lib\Tyuiu.IvanovSV.Sprint6.Task2.V26.Lib.csproj", "{399F3F5E-E37A-4ADB-B552-2BBFD96C8C7D}"
EndProject
Project("{FAE04EC0-301F-11D3-BF4B-00C04F79EFBC}") = "Tyuiu.IvanovSV.Sprint6.Task2.V26.Test", "Tyuiu.IvanovSV.Sprint6.Task2.V26.Test\Tyuiu.IvanovSV.Sprint6.Task2.V26.Test.csproj", "{C08D1231-6EB2-455B-A88A-2955E345A83A}"
EndProject
Project("{2150E333-8FDC-42A3-9474-1A3956D46DE8}") = "Task3", "Task3", "{A8648A8F-608C-4273-AE17-85D8F37DF838}"
EndProject
Project("{FAE04EC0-301F-11D3-BF4B-00C04F79EFBC}") = "Tyuiu.IvanovSV.Sprint6.Task3.V7", "Tyuiu.IvanovSV.Sprint6.Task3.V7\Tyuiu.IvanovSV.Sprint6.Task3.V7.csproj", "{C244A19D-9A26-4D7E-992B-037B3D21EE1B}"
EndProject
Project("{FAE04EC0-301F-11D3-BF4B-00C04F79EFBC}") = "Tyuiu.IvanovSV.Sprint6.Task3.V7.Lib", "Tyuiu.IvanovSV.Sprint6.Task3.V7.Lib\Tyuiu.IvanovSV.Sprint6.Task3.V7.Lib.csproj", "{3AAFEC5B-D3A6-4F6E-9BAF-85DB0262BD87}"
EndProject
Project("{FAE04EC0-301F-11D3-BF4B-00C04F79EFBC}") = "Tyuiu.IvanovSV.Sprint6.Task3.V7.Test", "Tyuiu.IvanovSV.Sprint6.Task3.V7.Test\Tyuiu.IvanovSV.Sprint6.Task3.V7.Test.csproj", "{BA3DF5B3-EE2A-4311-9AC4-3ED8463F8B17}"
EndProject
Project("{2150E333-8FDC-42A3-9474-1A3956D46DE8}") = "Task4", "Task4", "{674C885A-CDCB-4E8A-8123-BCA10377A497}"
EndProject
Project("{FAE04EC0-301F-11D3-BF4B-00C04F79EFBC}") = "Tyuiu.IvanovSV.Sprint6.Task4.V3", "Tyuiu.IvanovSV.Sprint6.Task4.V3\Tyuiu.IvanovSV.Sprint6.Task4.V3.csproj", "{39D84B10-A6B2-457E-902F-74A3122F9012}"
EndProject
Project("{FAE04EC0-301F-11D3-BF4B-00C04F79EFBC}") = "Tyuiu.IvanovSV.Sprint6.Task4.V3.Lib", "Tyuiu.IvanovSV.Sprint6.Task4.V3.Lib\Tyuiu.IvanovSV.Sprint6.Task4.V3.Lib.csproj", "{C979E1D7-599B-4EA0-BD95-CD0113DA8C29}"
EndProject
Project("{FAE04EC0-301F-11D3-BF4B-00C04F79EFBC}") = "Tyuiu.IvanovSV.Sprint6.Task4.V3.Test", "Tyuiu.IvanovSV.Sprint6.Task4.V3.Test\Tyuiu.IvanovSV.Sprint6.Task4.V3.Test.csproj", "{452C54B9-FC61-456B-829F-4191E4F8CBDA}"
EndProject
Project("{2150E333-8FDC-42A3-9474-1A3956D46DE8}") = "Task5", "Task5", "{0ACC4537-764B-47BF-90A7-23F5340955D3}"
EndProject
Project("{FAE04EC0-301F-11D3-BF4B-00C04F79EFBC}") = "Tyuiu.IvanovSV.Sprint6.Task5.V29", "Tyuiu.IvanovSV.Sprint6.Task5.V29\Tyuiu.IvanovSV.Sprint6.Task5.V29.csproj", "{BF3A8F78-BF00-4790-8851-E48E6CA5EB5D}"
EndProject
Project("{FAE04EC0-301F-11D3-BF4B-00C04F79EFBC}") = "Tyuiu.IvanovSV.Sprint6.Task5.V29.Lib", "Tyuiu.IvanovSV.Sprint6.Task5.V29.Lib\Tyuiu.IvanovSV.Sprint6.Task5.V29.Lib.csproj", "{B55623DA-EE5B-47B5-8BDB-5CD2649025EF}"
EndProject
Project("{FAE04EC0-301F-11D3-BF4B-00C04F79EFBC}") = "Tyuiu.IvanovSV.Sprint6.Task5.V29.Test", "Tyuiu.IvanovSV.Sprint6.Task5.V29.Test\Tyuiu.IvanovSV.Sprint6.Task5.V29.Test.csproj", "{38333F6F-CAFD-4596-B665-E441660D1E31}"
EndProject
Global
	GlobalSection(SolutionConfigurationPlatforms) = preSolution
		Debug|Any CPU = Debug|Any CPU
		Release|Any CPU = Release|Any CPU
	EndGlobalSection
	GlobalSection(ProjectConfigurationPlatforms) = postSolution
		{0AD69FEC-1CED-4188-A82F-B7DB6CFDD2D1}.Debug|Any CPU.ActiveCfg = Debug|Any CPU
		{0AD69FEC-1CED-4188-A82F-B7DB6CFDD2D1}.Debug|Any CPU.Build.0 = Debug|Any CPU
		{0AD69FEC-1CED-4188-A82F-B7DB6CFDD2D1}.Release|Any CPU.ActiveCfg = Release|Any CPU
		{0AD69FEC-1CED-4188-A82F-B7DB6CFDD2D1}.Release|Any CPU.Build.0 = Release|Any CPU
		{3DAC1496-38C0-43E4-AB39-4153EEBAC4E1}.Debug|Any CPU.ActiveCfg = Debug|Any CPU
		{3DAC1496-38C0-43E4-AB39-4153EEBAC4E1}.Debug|Any CPU.Build.0 = Debug|Any CPU
		{3DAC1496-38C0-43E4-AB39-4153EEBAC4E1}.Release|Any CPU.ActiveCfg = Release|Any CPU
		{3DAC1496-38C0-43E4-AB39-4153EEBAC4E1}.Release|Any CPU.Build.0 = Release|Any CPU
		{B75EF117-6CE3-4753-9940-244845415609}.Debug|Any CPU.ActiveCfg = Debug|Any CPU
		{B75EF117-6CE3-4753-9940-244845415609}.Debug|Any CPU.Build.0 = Debug|Any CPU
		{B75EF117-6CE3-4753-9940-244845415609}.Release|Any CPU.ActiveCfg = Release|Any CPU
		{B75EF117-6CE3-4753-9940-244845415609}.Release|Any CPU.Build.0 = Release|Any CPU
		{51801211-4ABE-42E3-943E-56DF491F7657}.Debug|Any CPU.ActiveCfg = Debug|Any CPU
		{51801211-4ABE-42E3-943E-56DF491F7657}.Debug|Any CPU.Build.0 = Debug|Any CPU
		{51801211-4ABE-42E3-943E-56DF491F7657}.Release|Any CPU.ActiveCfg = Release|Any CPU
		{51801211-4ABE-42E3-943E-56DF491F7657}.Release|Any CPU.Build.0 = Release|Any CPU
		{AC8D4C36-6008-4B82-8BF4-CD314F20D73B}.Debug|Any CPU.ActiveCfg = Debug|Any CPU
		{AC8D4C36-6008-4B82-8BF4-CD314F20D73B}.Debug|Any CPU.Build.0 = Debug|Any CPU
		{AC8D4C36-6008-4B82-8BF4-CD314F20D73B}.Release|Any CPU.ActiveCfg = Release|Any CPU
		{AC8D4C36-6008-4B82-8BF4-CD314F20D73B}.Release|Any CPU.Build.0 = Release|Any CPU
		{9D2A6C9F-E99B-45BA-A4BB-231AA5C55FB5}.Debug|Any CPU.ActiveCfg = Debug|Any CPU
		{9D2A6C9F-E99B-45BA-A4BB-231AA5C55FB5}.Debug|Any CPU.Build.0 = Debug|Any CPU
		{9D2A6C9F-E99B-45BA-A4BB-231AA5C55FB5}.Release|Any CPU.ActiveCfg = Release|Any CPU
		{9D2A6C9F-E99B-45BA-A4BB-231AA5C55FB5}.Release|Any CPU.Build.0 = Release|Any CPU
		{EFB643FC-5C0B-451B-8985-AE054DA5AE38}.Debug|Any CPU.ActiveCfg = Debug|Any CPU
		{EFB643FC-5C0B-451B-8985-AE054DA5AE38}.Debug|Any CPU.Build.0 = Debug|Any CPU
		{EFB643FC-5C0B-451B-8985-AE054DA5AE38}.Release|Any CPU.ActiveCfg = Release|Any CPU
		{EFB643FC-5C0B-451B-8985-AE054DA5AE38}.Release|Any CPU.Build.0 = Release|Any CPU
		{399F3F5E-E37A-4ADB-B552-2BBFD96C8C7D}.Debug|Any CPU.ActiveCfg = Debug|Any CPU
		{399F3F5E-E37A-4ADB-B552-2BBFD96C8C7D}.Debug|Any CPU.Build.0 = Debug|Any CPU
		{399F3F5E-E37A-4ADB-B552-2BBFD96C8C7D}.Release|Any CPU.ActiveCfg = Release|Any CPU
		{399F3F5E-E37A-4ADB-B552-2BBFD96C8C7D}.Release|Any CPU.Build.0 = Release|Any CPU
		{C08D1231-6EB2-455B-A88A-2955E345A83A}.Debug|Any CPU.ActiveCfg = Debug|Any CPU
		{C08D1231-6EB2-455B-A88A-2955E345A83A}.Debug|Any CPU.Build.0 = Debug|Any CPU
		{C08D1231-6EB2-455B-A88A-2955E345A83A}.Release|Any CPU.ActiveCfg = Release|Any CPU
		{C08D1231-6EB2-455B-A88A-2955E345A83A}.Release|Any CPU.Build.0 = Release|Any CPU
		{C244A19D-9A26-4D7E-992B-037B3D21EE1B}.Debug|Any CPU.ActiveCfg = Debug|Any CPU
		{C244A19D-9A26-4D7E-992B-037B3D21EE1B}.Debug|Any CPU.Build.0 = Debug|Any CPU
		{C244A19D-9A26-4D7E-992B-037B3D21EE1B}.Release|Any CPU.ActiveCfg = Release|Any CPU
		{C244A19D-9A26-4D7E-992B-037B3D21EE1B}.Release|Any CPU.Build.0 = Release|Any CPU
		{3AAFEC5B-D3A6-4F6E-9BAF-85DB0262BD87}.Debug|Any CPU.ActiveCfg = Debug|Any CPU
		{3AAFEC5B-D3A6-4F6E-9BAF-85DB0262BD87}.Debug|Any CPU.Build.0 = Debug|Any CPU
		{3AAFEC5B-D3A6-4F6E-9BAF-85DB0262BD87}.Release|Any CPU.ActiveCfg = Release|Any CPU
		{3AAFEC5B-D3A6-4F6E-9BAF-85DB0262BD87}.Release|Any CPU.Build.0 = Release|Any CPU
		{BA3DF5B3-EE2A-4311-9AC4-3ED8463F8B17}.Debug|Any CPU.ActiveCfg = Debug|Any CPU
		{BA3DF5B3-EE2A-4311-9AC4-3ED8463F8B17}.Debug|Any CPU.Build.0 = Debug|Any CPU
		{BA3DF5B3-EE2A-4311-9AC4-3ED8463F8B17}.Release|Any CPU.ActiveCfg = Release|Any CPU
		{BA3DF5B3-EE2A-4311-9AC4-3ED8463F8B17}.Release|Any CPU.Build.0 = Release|Any CPU
		{39D84B10-A6B2-457E-902F-74A3122F9012}.Debug|Any CPU.ActiveCfg = Debug|Any CPU
		{39D84B10-A6B2-457E-902F-74A3122F9012}.Debug|Any CPU.Build.0 = Debug|Any CPU
		{39D84B10-A6B2-457E-902F-74A3122F9012}.Release|Any CPU.ActiveCfg = Release|Any CPU
		{39D84B10-A6B2-457E-902F-74A3122F9012}.Release|Any CPU.Build.0 = Release|Any CPU
		{C979E1D7-599B-4EA0-BD95-CD0113DA8C29}.Debug|Any CPU.ActiveCfg = Debug|Any CPU
		{C979E1D7-599B-4EA0-BD95-CD0113DA8C29}.Debug|Any CPU.Build.0 = Debug|Any CPU
		{C979E1D7-599B-4EA0-BD95-CD0113DA8C29}.Release|Any CPU.ActiveCfg = Release|Any CPU
		{C979E1D7-599B-4EA0-BD95-CD0113DA8C29}.Release|Any CPU.Build.0 = Release|Any CPU
		{452C54B9-FC61-456B-829F-4191E4F8CBDA}.Debug|Any CPU.ActiveCfg = Debug|Any CPU
		{452C54B9-FC61-456B-829F-4191E4F8CBDA}.Debug|Any CPU.Build.0 = Debug|Any CPU
		{452C54B9-FC61-456B-829F-4191E4F8CBDA}.Release|Any CPU.ActiveCfg = Release|Any CPU
		{452C54B9-FC61-456B-829F-4191E4F8CBDA}.Release|Any CPU.Build.0 = Release|Any CPU
		{BF3A8F78-BF00-4790-8851-E48E6CA5EB5D}.Debug|Any CPU.ActiveCfg = Debug|Any CPU
		{BF3A8F78-BF00-4790-8851-E48E6CA5EB5D}.Debug|Any CPU.Build.0 = Debug|Any CPU
		{BF3A8F78-BF00-4790-8851-E48E6CA5EB5D}.Release|Any CPU.ActiveCfg = Release|Any CPU
		{BF3A8F78-BF00-4790-8851-E48E6CA5EB5D}.Release|Any CPU.Build.0 = Release|Any CPU
		{B55623DA-EE5B-47B5-8BDB-5CD2649025EF}.Debug|Any CPU.ActiveCfg = Debug|Any CPU
		{B55623DA-EE5B-47B5-8BDB-5CD2649025EF}.Debug|Any CPU.Build.0 = Debug|Any CPU
		{B55623DA-EE5B-47B5-8BDB-5CD2649025EF}.Release|Any CPU.ActiveCfg = Release|Any CPU
		{B55623DA-EE5B-47B5-8BDB-5CD2649025EF}.Release|Any CPU.Build.0 = Release|Any CPU
		{38333F6F-CAFD-4596-B665-E441660D1E31}.Debug|Any CPU.ActiveCfg = Debug|Any CPU
		{38333F6F-CAFD-4596-B665-E441660D1E31}.Debug|Any CPU.Build.0 = Debug|Any CPU
		{38333F6F-CAFD-4596-B665-E441660D1E31}.Release|Any CPU.ActiveCfg = Release|Any CPU
		{38333F6F-CAFD-4596-B665-E441660D1E31}.Release|Any CPU.Build.0 = Release|Any CPU
	EndGlobalSection
	GlobalSection(SolutionProperties) = preSolution
		HideSolutionNode = FALSE
	EndGlobalSection
	GlobalSection(NestedProjects) = preSolution
		{0AD69FEC-1CED-4188-A82F-B7DB6CFDD2D1} = {02EA681E-C7D8-13C7-8484-4AC65E1B71E8}
		{3DAC1496-38C0-43E4-AB39-4153EEBAC4E1} = {02EA681E-C7D8-13C7-8484-4AC65E1B71E8}
		{B75EF117-6CE3-4753-9940-244845415609} = {02EA681E-C7D8-13C7-8484-4AC65E1B71E8}
		{51801211-4ABE-42E3-943E-56DF491F7657} = {DD30B390-EEA4-4C98-87C9-51FEF8141A81}
		{AC8D4C36-6008-4B82-8BF4-CD314F20D73B} = {DD30B390-EEA4-4C98-87C9-51FEF8141A81}
		{9D2A6C9F-E99B-45BA-A4BB-231AA5C55FB5} = {DD30B390-EEA4-4C98-87C9-51FEF8141A81}
		{EFB643FC-5C0B-451B-8985-AE054DA5AE38} = {DC97ADD0-6F54-41D2-9B4D-4768105EF55A}
		{399F3F5E-E37A-4ADB-B552-2BBFD96C8C7D} = {DC97ADD0-6F54-41D2-9B4D-4768105EF55A}
		{C08D1231-6EB2-455B-A88A-2955E345A83A} = {DC97ADD0-6F54-41D2-9B4D-4768105EF55A}
		{C244A19D-9A26-4D7E-992B-037B3D21EE1B} = {A8648A8F-608C-4273-AE17-85D8F37DF838}
		{3AAFEC5B-D3A6-4F6E-9BAF-85DB0262BD87} = {A8648A8F-608C-4273-AE17-85D8F37DF838}
		{BA3DF5B3-EE2A-4311-9AC4-3ED8463F8B17} = {A8648A8F-608C-4273-AE17-85D8F37DF838}
		{39D84B10-A6B2-457E-902F-74A3122F9012} = {674C885A-CDCB-4E8A-8123-BCA10377A497}
		{C979E1D7-599B-4EA0-BD95-CD0113DA8C29} = {674C885A-CDCB-4E8A-8123-BCA10377A497}
		{452C54B9-FC61-456B-829F-4191E4F8CBDA} = {674C885A-CDCB-4E8A-8123-BCA10377A497}
		{BF3A8F78-BF00-4790-8851-E48E6CA5EB5D} = {0ACC4537-764B-47BF-90A7-23F5340955D3}
		{B55623DA-EE5B-47B5-8BDB-5CD2649025EF} = {0ACC4537-764B-47BF-90A7-23F5340955D3}
		{38333F6F-CAFD-4596-B665-E441660D1E31} = {0ACC4537-764B-47BF-90A7-23F5340955D3}
	EndGlobalSection
	GlobalSection(ExtensibilityGlobals) = postSolution
		SolutionGuid = {3112DCFF-097F-4B19-A00D-EB27772F6598}
	EndGlobalSection
EndGlobal
